{
  "version": 4,
  "terraform_version": "1.5.5",
  "serial": 5,
  "lineage": "3daf0867-9d91-0757-15c1-897cfdf811ba",
  "outputs": {},
  "resources": [
    {
      "mode": "managed",
      "type": "yandex_compute_instance",
      "name": "instance",
      "provider": "provider[\"registry.terraform.io/yandex-cloud/yandex\"]",
      "instances": [
        {
          "schema_version": 1,
          "attributes": {
            "allow_recreate": null,
            "allow_stopping_for_update": null,
            "boot_disk": [
              {
                "auto_delete": true,
                "device_name": "fhmvlnl9hqarju2s40ru",
                "disk_id": "fhmvlnl9hqarju2s40ru",
                "initialize_params": [
                  {
                    "block_size": 4096,
                    "description": "",
                    "image_id": "fd879gb88170to70d38a",
                    "name": "",
                    "size": 10,
                    "snapshot_id": "",
                    "type": "network-ssd"
                  }
                ],
                "mode": "READ_WRITE"
              }
            ],
            "created_at": "2023-08-13T11:47:46Z",
            "description": "",
            "filesystem": [],
            "folder_id": "b1gs8l524fffjnjjep2q",
            "fqdn": "demo-vm.ru-central1.internal",
            "gpu_cluster_id": "",
            "hostname": "demo-vm",
            "id": "fhmuflpp15bc6f0errte",
            "labels": null,
            "local_disk": [],
            "metadata": {
              "ssh-keys": "ubuntu:ssh-rsa AAAAB3NzaC1yc2EAAAABIwAAAQEAs4E2TFUPCNJwCI+cu/8uaYNLAin0fQQYf3QVKj3ZrIINTrHLoCQFxrSADJk74LhiQiR0vCm9HKW2DZhy61dcbwji1fPJjFKsaXTG1GyS4KBiBW6Bi58Ly1smFYf5iIOvEIgXWzE6cdBV5P3ZP4MR5zfDh41Ko28BbCpRnrk2wMUn3XJSXdwMFv1XDNDYcYXFofb47t9R8DTW43tuflLod+jj7K3QPyiZeCLg70ow/E9+4O+Y4TibKnN6L8q03bXLQK1pW2ajpSK/iHfLqkg9O9v+/PhUZ6M84KegxEBzvWUHL7mRPMXy03jzRurmZo8zgAxS/NzCUx29ya/Mub3fnQ== \n"
            },
            "metadata_options": [
              {
                "aws_v1_http_endpoint": 1,
                "aws_v1_http_token": 2,
                "gce_http_endpoint": 1,
                "gce_http_token": 1
              }
            ],
            "name": "demo-vm",
            "network_acceleration_type": "standard",
            "network_interface": [
              {
                "dns_record": [],
                "index": 0,
                "ip_address": "10.10.10.7",
                "ipv4": true,
                "ipv6": false,
                "ipv6_address": "",
                "ipv6_dns_record": [],
                "mac_address": "d0:0d:1e:7d:73:90",
                "nat": true,
                "nat_dns_record": [],
                "nat_ip_address": "51.250.85.112",
                "nat_ip_version": "IPV4",
                "security_group_ids": [],
                "subnet_id": "e9be2cv2q3prfdau59ba"
              }
            ],
            "placement_policy": [
              {
                "host_affinity_rules": [],
                "placement_group_id": ""
              }
            ],
            "platform_id": "standard-v3",
            "resources": [
              {
                "core_fraction": 100,
                "cores": 2,
                "gpus": 0,
                "memory": 4
              }
            ],
            "scheduling_policy": [
              {
                "preemptible": false
              }
            ],
            "secondary_disk": [],
            "service_account_id": "",
            "status": "running",
            "timeouts": null,
            "zone": "ru-central1-a"
          },
          "sensitive_attributes": [],
          "private": "eyJlMmJmYjczMC1lY2FhLTExZTYtOGY4OC0zNDM2M2JjN2M0YzAiOnsiY3JlYXRlIjozMDAwMDAwMDAwMDAsImRlbGV0ZSI6MzAwMDAwMDAwMDAwLCJ1cGRhdGUiOjMwMDAwMDAwMDAwMH0sInNjaGVtYV92ZXJzaW9uIjoiMSJ9",
          "dependencies": [
            "yandex_vpc_network.vpc",
            "yandex_vpc_subnet.subnet"
          ]
        }
      ]
    },
    {
      "mode": "managed",
      "type": "yandex_vpc_network",
      "name": "vpc",
      "provider": "provider[\"registry.terraform.io/yandex-cloud/yandex\"]",
      "instances": [
        {
          "schema_version": 0,
          "attributes": {
            "created_at": "2023-08-13T11:47:43Z",
            "default_security_group_id": "",
            "description": "",
            "folder_id": "b1gs8l524fffjnjjep2q",
            "id": "enpj59g90lk2rdtfj5r7",
            "labels": {},
            "name": "demo_vpc",
            "subnet_ids": [],
            "timeouts": null
          },
          "sensitive_attributes": [],
          "private": "eyJlMmJmYjczMC1lY2FhLTExZTYtOGY4OC0zNDM2M2JjN2M0YzAiOnsiY3JlYXRlIjo2MDAwMDAwMDAwMCwiZGVsZXRlIjo2MDAwMDAwMDAwMCwidXBkYXRlIjo2MDAwMDAwMDAwMH19"
        }
      ]
    },
    {
      "mode": "managed",
      "type": "yandex_vpc_subnet",
      "name": "subnet",
      "provider": "provider[\"registry.terraform.io/yandex-cloud/yandex\"]",
      "instances": [
        {
          "schema_version": 0,
          "attributes": {
            "created_at": "2023-08-13T11:47:43Z",
            "description": "",
            "dhcp_options": [],
            "folder_id": "b1gs8l524fffjnjjep2q",
            "id": "e9be2cv2q3prfdau59ba",
            "labels": {},
            "name": "demo_subnet",
            "network_id": "enpj59g90lk2rdtfj5r7",
            "route_table_id": "",
            "timeouts": null,
            "v4_cidr_blocks": [
              "10.10.10.0/24"
            ],
            "v6_cidr_blocks": [],
            "zone": "ru-central1-a"
          },
          "sensitive_attributes": [],
          "private": "eyJlMmJmYjczMC1lY2FhLTExZTYtOGY4OC0zNDM2M2JjN2M0YzAiOnsiY3JlYXRlIjoxODAwMDAwMDAwMDAsImRlbGV0ZSI6MTgwMDAwMDAwMDAwLCJ1cGRhdGUiOjE4MDAwMDAwMDAwMH19",
          "dependencies": [
            "yandex_vpc_network.vpc"
          ]
        }
      ]
    }
  ],
  "check_results": null
}
